<?xml version="1.0" encoding="UTF-8"?>
<Scheme
   LastUpgradeVersion = "0820"
   version = "1.3">
   <BuildAction
      parallelizeBuildables = "YES"
      buildImplicitDependencies = "YES">
      <BuildActionEntries>
         <BuildActionEntry
            buildForTesting = "YES"
            buildForRunning = "YES"
            buildForProfiling = "YES"
            buildForArchiving = "YES"
            buildForAnalyzing = "YES">
            <BuildableReference
               BuildableIdentifier = "primary"
               BlueprintIdentifier = "E425D55C1CED928100A7CA03"
               BuildableName = "AutoMate.framework"
               BlueprintName = "AutoMate"
               ReferencedContainer = "container:AutoMate.xcodeproj">
            </BuildableReference>
         </BuildActionEntry>
      </BuildActionEntries>
   </BuildAction>
   <TestAction
      buildConfiguration = "Debug"
      selectedDebuggerIdentifier = "Xcode.DebuggerFoundation.Debugger.LLDB"
      selectedLauncherIdentifier = "Xcode.DebuggerFoundation.Launcher.LLDB"
      shouldUseLaunchSchemeArgsEnv = "YES"
      codeCoverageEnabled = "YES">
      <Testables>
         <TestableReference
            skipped = "NO">
            <BuildableReference
               BuildableIdentifier = "primary"
               BlueprintIdentifier = "E4EE41C01CFD7246004F0FFE"
               BuildableName = "AutoMateTests.xctest"
               BlueprintName = "AutoMateTests"
               ReferencedContainer = "container:AutoMate.xcodeproj">
            </BuildableReference>
         </TestableReference>
         <TestableReference
            skipped = "NO">
            <BuildableReference
               BuildableIdentifier = "primary"
               BlueprintIdentifier = "1F9891B11D409547007CD2B0"
               BuildableName = "AutoMateExampleUITests.xctest"
               BlueprintName = "AutoMateExampleUITests"
               ReferencedContainer = "container:AutoMateExample/AutoMateExample.xcodeproj">
            </BuildableReference>
            <SkippedTests>
               <Test
                  Identifier = "AdditionalExtensionsTests/testForMovie()">
               </Test>
               <Test
                  Identifier = "XCUIElementExtensionTests/testForMovie()">
               </Test>
               <Test
                  Identifier = "XCUIElementExtensionTests/testSystemAlertButton()">
               </Test>
               <Test
                  Identifier = "XCUIElementQueryTests/testForMovie()">
               </Test>
            </SkippedTests>
         </TestableReference>
      </Testables>
      <MacroExpansion>
         <BuildableReference
            BuildableIdentifier = "primary"
            BlueprintIdentifier = "E425D55C1CED928100A7CA03"
            BuildableName = "AutoMate.framework"
            BlueprintName = "AutoMate"
            ReferencedContainer = "container:AutoMate.xcodeproj">
         </BuildableReference>
      </MacroExpansion>
      <AdditionalOptions>
      </AdditionalOptions>
   </TestAction>
   <LaunchAction
      buildConfiguration = "Debug"
      selectedDebuggerIdentifier = "Xcode.DebuggerFoundation.Debugger.LLDB"
      selectedLauncherIdentifier = "Xcode.DebuggerFoundation.Launcher.LLDB"
      launchStyle = "0"
      useCustomWorkingDirectory = "NO"
      ignoresPersistentStateOnLaunch = "NO"
      debugDocumentVersioning = "YES"
      debugServiceExtension = "internal"
      allowLocationSimulation = "YES">
      <MacroExpansion>
         <BuildableReference
            BuildableIdentifier = "primary"
            BlueprintIdentifier = "E425D55C1CED928100A7CA03"
            BuildableName = "AutoMate.framework"
            BlueprintName = "AutoMate"
            ReferencedContainer = "container:AutoMate.xcodeproj">
         </BuildableReference>
      </MacroExpansion>
      <AdditionalOptions>
      </AdditionalOptions>
   </LaunchAction>
   <ProfileAction
      buildConfiguration = "Release"
      shouldUseLaunchSchemeArgsEnv = "YES"
      savedToolIdentifier = ""
      useCustomWorkingDirectory = "NO"
      debugDocumentVersioning = "YES">
      <MacroExpansion>
         <BuildableReference
            BuildableIdentifier = "primary"
            BlueprintIdentifier = "E425D55C1CED928100A7CA03"
            BuildableName = "AutoMate.framework"
            BlueprintName = "AutoMate"
            ReferencedContainer = "container:AutoMate.xcodeproj">
         </BuildableReference>
      </MacroExpansion>
   </ProfileAction>
   <AnalyzeAction
      buildConfiguration = "Debug">
   </AnalyzeAction>
   <ArchiveAction
      buildConfiguration = "Release"
      revealArchiveInOrganizer = "YES">
   </ArchiveAction>
</Scheme>
