PODS:
  - AutoMate-AppBuddy (1.0.0)

DEPENDENCIES:
  - AutoMate-AppBuddy (from `https://github.com/PGSSoft/AutoMate-AppBuddy`, branch `develop`)

EXTERNAL SOURCES:
  AutoMate-AppBuddy:
    :branch: develop
    :git: https://github.com/PGSSoft/AutoMate-AppBuddy

CHECKOUT OPTIONS:
  AutoMate-AppBuddy:
    :commit: e386cd2124b6d49170a154dfbf1543f26251c94f
    :git: https://github.com/PGSSoft/AutoMate-AppBuddy

SPEC CHECKSUMS:
  AutoMate-AppBuddy: 3396a08c2587602655b9b6806d4c1645c67512a7

PODFILE CHECKSUM: 426f02066fd939431445fa8a91afe1afc6d5a245

COCOAPODS: 1.2.0
