PODS:
  - AutoMate-AppBuddy (1.1.0)

DEPENDENCIES:
  - AutoMate-AppBuddy (from `https://github.com/PGSSoft/AutoMate-AppBuddy`, branch `develop`)

EXTERNAL SOURCES:
  AutoMate-AppBuddy:
    :branch: develop
    :git: https://github.com/PGSSoft/AutoMate-AppBuddy

CHECKOUT OPTIONS:
  AutoMate-AppBuddy:
    :commit: b1facb159745d60cbcaf71ca6d022df559418056
    :git: https://github.com/PGSSoft/AutoMate-AppBuddy

SPEC CHECKSUMS:
  AutoMate-AppBuddy: b9d371ce7956c70262e40865f2d919571261ba00

PODFILE CHECKSUM: 7d17c1645b2b52bddba34d61977b0403c06fc363

COCOAPODS: 1.2.1
