PODS:
  - AutoMate-AppBuddy (1.2.0)

DEPENDENCIES:
  - AutoMate-AppBuddy (from `../../pgs-automate-appbuddy-ios`)

EXTERNAL SOURCES:
  AutoMate-AppBuddy:
    :path: "../../pgs-automate-appbuddy-ios"

SPEC CHECKSUMS:
  AutoMate-AppBuddy: 196608fda8d73c96bd37998412d4cb37242b06ed

PODFILE CHECKSUM: d384a1f8192ef51fbafc9ffc9cfe8122e4073135

COCOAPODS: 1.2.1
