// !$*UTF8*$!
{
	archiveVersion = 1;
	classes = {
	};
	objectVersion = 46;
	objects = {

/* Begin PBXBuildFile section */
		1F287A4B1D65845C0062F45F /* LocationWhenInUseViewController.swift in Sources */ = {isa = PBXBuildFile; fileRef = 1F287A4A1D65845C0062F45F /* LocationWhenInUseViewController.swift */; };
		1F39828C1D65C2D900AC089C /* MiddleButtonViewController.swift in Sources */ = {isa = PBXBuildFile; fileRef = 1F39828B1D65C2D900AC089C /* MiddleButtonViewController.swift */; };
		1F8646161D64905E0033749B /* AppearingViewController.swift in Sources */ = {isa = PBXBuildFile; fileRef = 1F8646151D64905E0033749B /* AppearingViewController.swift */; };
		1F9891A21D409547007CD2B0 /* AppDelegate.swift in Sources */ = {isa = PBXBuildFile; fileRef = 1F9891A11D409547007CD2B0 /* AppDelegate.swift */; };
		1F9891A91D409547007CD2B0 /* Assets.xcassets in Resources */ = {isa = PBXBuildFile; fileRef = 1F9891A81D409547007CD2B0 /* Assets.xcassets */; };
		1F9891B71D409547007CD2B0 /* LaunchArgumentsWithAutoMateTests.swift in Sources */ = {isa = PBXBuildFile; fileRef = 1F9891B61D409547007CD2B0 /* LaunchArgumentsWithAutoMateTests.swift */; };
		1F98923A1D409B16007CD2B0 /* Main.storyboard in Resources */ = {isa = PBXBuildFile; fileRef = 1F9892381D409B16007CD2B0 /* Main.storyboard */; };
		1F98923B1D409B16007CD2B0 /* LaunchScreen.storyboard in Resources */ = {isa = PBXBuildFile; fileRef = 1F9892391D409B16007CD2B0 /* LaunchScreen.storyboard */; };
		1F98923D1D40A80D007CD2B0 /* LaunchArgumentsWithoutAutoMateTests.swift in Sources */ = {isa = PBXBuildFile; fileRef = 1F98923C1D40A80D007CD2B0 /* LaunchArgumentsWithoutAutoMateTests.swift */; };
		1FFFC1D31D477CFD00EBB70D /* Localizable.strings in Resources */ = {isa = PBXBuildFile; fileRef = 1FFFC1D51D477CFD00EBB70D /* Localizable.strings */; };
		961CB2011E558CC000148CAE /* HealthKit.framework in Frameworks */ = {isa = PBXBuildFile; fileRef = 961CB2001E558CC000148CAE /* HealthKit.framework */; };
		961CB2041E558F7000148CAE /* RemindersViewController.swift in Sources */ = {isa = PBXBuildFile; fileRef = 961CB2031E558F7000148CAE /* RemindersViewController.swift */; };
		9621BBCB1E4206C6001A9C2C /* TablePage.swift in Sources */ = {isa = PBXBuildFile; fileRef = 9621BBCA1E4206C6001A9C2C /* TablePage.swift */; };
		9621BBCE1E42090C001A9C2C /* PushedPage.swift in Sources */ = {isa = PBXBuildFile; fileRef = 9621BBCD1E42090C001A9C2C /* PushedPage.swift */; };
		9621BBD01E420D98001A9C2C /* XCUIElementExtensionTests.swift in Sources */ = {isa = PBXBuildFile; fileRef = 9621BBCF1E420D98001A9C2C /* XCUIElementExtensionTests.swift */; };
		9621BBD21E420E25001A9C2C /* ScrollPage.swift in Sources */ = {isa = PBXBuildFile; fileRef = 9621BBD11E420E25001A9C2C /* ScrollPage.swift */; };
		962FAAC41D9144F6000592EF /* ScrollingViewController.swift in Sources */ = {isa = PBXBuildFile; fileRef = 962FAAC31D9144F6000592EF /* ScrollingViewController.swift */; };
		9641182B1E41EF7A0011C776 /* MainPage.swift in Sources */ = {isa = PBXBuildFile; fileRef = 9641182A1E41EF7A0011C776 /* MainPage.swift */; };
		9641182D1E41F8E90011C776 /* XCUIElementQueryTests.swift in Sources */ = {isa = PBXBuildFile; fileRef = 9641182C1E41F8E90011C776 /* XCUIElementQueryTests.swift */; };
		96470BD31E5585E200D40CB9 /* SpeechRecognitionViewController.swift in Sources */ = {isa = PBXBuildFile; fileRef = 96470BD21E5585E200D40CB9 /* SpeechRecognitionViewController.swift */; };
		96470BD51E55873F00D40CB9 /* SiriViewController.swift in Sources */ = {isa = PBXBuildFile; fileRef = 96470BD41E55873F00D40CB9 /* SiriViewController.swift */; };
		964F74CA1E54DE90004B9400 /* LocationAlwaysViewController.swift in Sources */ = {isa = PBXBuildFile; fileRef = 964F74C91E54DE90004B9400 /* LocationAlwaysViewController.swift */; };
		965D56AD1E35F4C20056EE05 /* MainViewController.swift in Sources */ = {isa = PBXBuildFile; fileRef = 965D56AC1E35F4C20056EE05 /* MainViewController.swift */; };
		9663E0C81E9BBA6300331C4A /* RotationViewController.swift in Sources */ = {isa = PBXBuildFile; fileRef = 9663E0C71E9BBA6300331C4A /* RotationViewController.swift */; };
		9663E0CB1E9CAC7400331C4A /* RotatePage.swift in Sources */ = {isa = PBXBuildFile; fileRef = 9663E0CA1E9CAC7400331C4A /* RotatePage.swift */; };
		966A7A121E5488300026AE29 /* HealthKitViewController.swift in Sources */ = {isa = PBXBuildFile; fileRef = 966A7A111E5488300026AE29 /* HealthKitViewController.swift */; };
		9670CC1C1E77D8DD00A1134E /* ContactsListPage.swift in Sources */ = {isa = PBXBuildFile; fileRef = 9670CC1B1E77D8DD00A1134E /* ContactsListPage.swift */; };
		9670CC1F1E77D90C00A1134E /* ContactsData.swift in Sources */ = {isa = PBXBuildFile; fileRef = 9670CC1E1E77D90C00A1134E /* ContactsData.swift */; };
		9674481C1E55917B000B42BB /* PhotoViewController.swift in Sources */ = {isa = PBXBuildFile; fileRef = 9674481B1E55917B000B42BB /* PhotoViewController.swift */; };
		9674481F1E5591F5000B42BB /* CameraViewController.swift in Sources */ = {isa = PBXBuildFile; fileRef = 9674481E1E5591F5000B42BB /* CameraViewController.swift */; };
		967448211E5592BA000B42BB /* MediaLibraryViewController.swift in Sources */ = {isa = PBXBuildFile; fileRef = 967448201E5592BA000B42BB /* MediaLibraryViewController.swift */; };
		967448231E5593AE000B42BB /* BluetoothViewController.swift in Sources */ = {isa = PBXBuildFile; fileRef = 967448221E5593AE000B42BB /* BluetoothViewController.swift */; };
		967448251E5595EE000B42BB /* MicrophoneViewController.swift in Sources */ = {isa = PBXBuildFile; fileRef = 967448241E5595EE000B42BB /* MicrophoneViewController.swift */; };
		967448271E55973D000B42BB /* CallsViewController.swift in Sources */ = {isa = PBXBuildFile; fileRef = 967448261E55973D000B42BB /* CallsViewController.swift */; };
		967448291E559A8B000B42BB /* CalendarViewController.swift in Sources */ = {isa = PBXBuildFile; fileRef = 967448281E559A8B000B42BB /* CalendarViewController.swift */; };
		9674482B1E559CF9000B42BB /* MotionViewController.swift in Sources */ = {isa = PBXBuildFile; fileRef = 9674482A1E559CF9000B42BB /* MotionViewController.swift */; };
		9674482D1E55A61D000B42BB /* PermissionsSubPages.swift in Sources */ = {isa = PBXBuildFile; fileRef = 9674482C1E55A61D000B42BB /* PermissionsSubPages.swift */; };
		969087C71E9505D7007974FB /* ScrollingHorizontallyViewController.swift in Sources */ = {isa = PBXBuildFile; fileRef = 969087C61E9505D7007974FB /* ScrollingHorizontallyViewController.swift */; };
		969087CA1E950A72007974FB /* ScrollVerticallyPage.swift in Sources */ = {isa = PBXBuildFile; fileRef = 969087C91E950A72007974FB /* ScrollVerticallyPage.swift */; };
		969CC2821E4216AE00995A49 /* TextInputPage.swift in Sources */ = {isa = PBXBuildFile; fileRef = 969CC2811E4216AE00995A49 /* TextInputPage.swift */; };
		969CC2851E421AE700995A49 /* MiddleButtonPage.swift in Sources */ = {isa = PBXBuildFile; fileRef = 969CC2841E421AE700995A49 /* MiddleButtonPage.swift */; };
		969CC2891E421FE500995A49 /* AppearingPage.swift in Sources */ = {isa = PBXBuildFile; fileRef = 969CC2881E421FE500995A49 /* AppearingPage.swift */; };
		969CC28B1E42204500995A49 /* AdditionalExtensionsTests.swift in Sources */ = {isa = PBXBuildFile; fileRef = 969CC28A1E42204500995A49 /* AdditionalExtensionsTests.swift */; };
		96A22A2A1E72D50B0039E17E /* ContactsSavedDataTests.swift in Sources */ = {isa = PBXBuildFile; fileRef = 96A22A291E72D50B0039E17E /* ContactsSavedDataTests.swift */; };
		96AB1AFB1E78265D003A1CB8 /* ForMovieTests.swift in Sources */ = {isa = PBXBuildFile; fileRef = 96AB1AFA1E78265D003A1CB8 /* ForMovieTests.swift */; };
		96AB73F21E44C35300FA811A /* TestLauncher.swift in Sources */ = {isa = PBXBuildFile; fileRef = 96AB73F11E44C35300FA811A /* TestLauncher.swift */; };
		96B131DC1E54C161007E3A04 /* PermissionsPage.swift in Sources */ = {isa = PBXBuildFile; fileRef = 96B131DB1E54C161007E3A04 /* PermissionsPage.swift */; };
		96B131DE1E54CA7F007E3A04 /* PermissionsTests.swift in Sources */ = {isa = PBXBuildFile; fileRef = 96B131DD1E54CA7F007E3A04 /* PermissionsTests.swift */; };
		96B9B69E1E96147C00ADBC92 /* CollectionViewController.swift in Sources */ = {isa = PBXBuildFile; fileRef = 96B9B69D1E96147C00ADBC92 /* CollectionViewController.swift */; };
		96B9B6A11E961D9200ADBC92 /* LongTableViewController.swift in Sources */ = {isa = PBXBuildFile; fileRef = 96B9B6A01E961D9200ADBC92 /* LongTableViewController.swift */; };
		96B9B6A31E96234600ADBC92 /* CollectionPage.swift in Sources */ = {isa = PBXBuildFile; fileRef = 96B9B6A21E96234600ADBC92 /* CollectionPage.swift */; };
		96BB6F4C1E5448CE00A74DA1 /* PermissionsViewController.swift in Sources */ = {isa = PBXBuildFile; fileRef = 96BB6F4B1E5448CE00A74DA1 /* PermissionsViewController.swift */; };
		96BB6F4E1E544BE900A74DA1 /* PermissionTableViewCell.swift in Sources */ = {isa = PBXBuildFile; fileRef = 96BB6F4D1E544BE900A74DA1 /* PermissionTableViewCell.swift */; };
		96BB6F501E54658C00A74DA1 /* HomeKitViewController.swift in Sources */ = {isa = PBXBuildFile; fileRef = 96BB6F4F1E54658C00A74DA1 /* HomeKitViewController.swift */; };
		9F61116E0FCC28A35542B3C9 /* Pods_AutoMateExample.framework in Frameworks */ = {isa = PBXBuildFile; fileRef = C0FD41733358EFFB7E760FB8 /* Pods_AutoMateExample.framework */; };
		C850B01B1E5EDEA400392526 /* ContactTableViewCell.swift in Sources */ = {isa = PBXBuildFile; fileRef = C850B01A1E5EDEA400392526 /* ContactTableViewCell.swift */; };
		C850B01D1E5EDEDF00392526 /* ContactTableViewCell.xib in Resources */ = {isa = PBXBuildFile; fileRef = C850B01C1E5EDEDF00392526 /* ContactTableViewCell.xib */; };
		C8E84E541E5EC4C100DAA411 /* TableViewDataProtocols.swift in Sources */ = {isa = PBXBuildFile; fileRef = C8E84E531E5EC4C100DAA411 /* TableViewDataProtocols.swift */; };
		C8E84E571E5EC55D00DAA411 /* UIKit+Extensions.swift in Sources */ = {isa = PBXBuildFile; fileRef = C8E84E561E5EC55D00DAA411 /* UIKit+Extensions.swift */; };
		C9583BFB1E4B52D70098BB27 /* ContactsViewController.swift in Sources */ = {isa = PBXBuildFile; fileRef = C9583BFA1E4B52D70098BB27 /* ContactsViewController.swift */; };
		E40AEDE31E76D52D00991238 /* EventsListPage.swift in Sources */ = {isa = PBXBuildFile; fileRef = E40AEDE21E76D52D00991238 /* EventsListPage.swift */; };
		E43E3D931E76F2A40055E635 /* RemindersListPage.swift in Sources */ = {isa = PBXBuildFile; fileRef = E43E3D921E76F2A40055E635 /* RemindersListPage.swift */; };
		E450D62A1E6EA431001E2089 /* contacts.json in Resources */ = {isa = PBXBuildFile; fileRef = E450D6271E6EA431001E2089 /* contacts.json */; };
		E450D62B1E6EA431001E2089 /* events.json in Resources */ = {isa = PBXBuildFile; fileRef = E450D6281E6EA431001E2089 /* events.json */; };
		E450D62C1E6EA431001E2089 /* reminders.json in Resources */ = {isa = PBXBuildFile; fileRef = E450D6291E6EA431001E2089 /* reminders.json */; };
		E450D62F1E6EA57B001E2089 /* TestResourceBundle.bundle in Resources */ = {isa = PBXBuildFile; fileRef = E45BBB181E6EA16C001BA04B /* TestResourceBundle.bundle */; };
		E450D6311E6EB282001E2089 /* profile-placeholder.png in Resources */ = {isa = PBXBuildFile; fileRef = E450D6301E6EB282001E2089 /* profile-placeholder.png */; };
		E457E9001E5C96A4006B08B5 /* LaunchEnvironmentsTableViewController.swift in Sources */ = {isa = PBXBuildFile; fileRef = E457E8FF1E5C96A4006B08B5 /* LaunchEnvironmentsTableViewController.swift */; };
		E45BBB0E1E6E9920001BA04B /* EventKitSavedDataTests.swift in Sources */ = {isa = PBXBuildFile; fileRef = E4CDE9451E606CE80070DDF5 /* EventKitSavedDataTests.swift */; };
		E45BBB101E6E9951001BA04B /* AutoMateLaunchEnvironmentsPage.swift in Sources */ = {isa = PBXBuildFile; fileRef = E45BBB0F1E6E9951001BA04B /* AutoMateLaunchEnvironmentsPage.swift */; };
		E45BBB131E6E997B001BA04B /* EventKitData.swift in Sources */ = {isa = PBXBuildFile; fileRef = E45BBB121E6E997B001BA04B /* EventKitData.swift */; };
		E48826231E729E4200AB1E98 /* Date+Helpers.swift in Sources */ = {isa = PBXBuildFile; fileRef = E48826221E729E4200AB1E98 /* Date+Helpers.swift */; };
		E48826261E729F2100AB1E98 /* RemindersDataStore.swift in Sources */ = {isa = PBXBuildFile; fileRef = E48826251E729F2100AB1E98 /* RemindersDataStore.swift */; };
		E48826281E72AB1800AB1E98 /* ReminderViewModel.swift in Sources */ = {isa = PBXBuildFile; fileRef = E48826271E72AB1800AB1E98 /* ReminderViewModel.swift */; };
		E488262B1E72BC1200AB1E98 /* ReminderTableViewCell.swift in Sources */ = {isa = PBXBuildFile; fileRef = E48826291E72BC1200AB1E98 /* ReminderTableViewCell.swift */; };
		E488262C1E72BC1200AB1E98 /* ReminderTableViewCell.xib in Resources */ = {isa = PBXBuildFile; fileRef = E488262A1E72BC1200AB1E98 /* ReminderTableViewCell.xib */; };
		E488262E1E72BCA900AB1E98 /* EventViewModel.swift in Sources */ = {isa = PBXBuildFile; fileRef = E488262D1E72BCA900AB1E98 /* EventViewModel.swift */; };
		E4977AAF1E6EB7AA00ABFBE7 /* AutoMate.framework in Frameworks */ = {isa = PBXBuildFile; fileRef = E4458A881E6E97B300EC6743 /* AutoMate.framework */; };
		E4977AB21E6EBB4100ABFBE7 /* AutoMate.framework in Embed Frameworks */ = {isa = PBXBuildFile; fileRef = E4458A881E6E97B300EC6743 /* AutoMate.framework */; settings = {ATTRIBUTES = (CodeSignOnCopy, RemoveHeadersOnCopy, ); }; };
		E4A905911E6030B5002081EA /* LaunchOptionsHandler.swift in Sources */ = {isa = PBXBuildFile; fileRef = E4A905901E6030B5002081EA /* LaunchOptionsHandler.swift */; };
		E4BA7C7A1E5B1F0300593B52 /* LaunchEnvironmentsDataViewController.swift in Sources */ = {isa = PBXBuildFile; fileRef = E4BA7C791E5B1F0300593B52 /* LaunchEnvironmentsDataViewController.swift */; };
		E4BA7C7C1E5B245900593B52 /* LaunchEnvironmentTableDataSource.swift in Sources */ = {isa = PBXBuildFile; fileRef = E4BA7C7B1E5B245900593B52 /* LaunchEnvironmentTableDataSource.swift */; };
		E4BA7C7E1E5B2EF600593B52 /* EventsDataStore.swift in Sources */ = {isa = PBXBuildFile; fileRef = E4BA7C7D1E5B2EF600593B52 /* EventsDataStore.swift */; };
		E4BA7C811E5C578D00593B52 /* EventTableViewCell.swift in Sources */ = {isa = PBXBuildFile; fileRef = E4BA7C7F1E5C578D00593B52 /* EventTableViewCell.swift */; };
		E4BA7C821E5C578D00593B52 /* EventTableViewCell.xib in Resources */ = {isa = PBXBuildFile; fileRef = E4BA7C801E5C578D00593B52 /* EventTableViewCell.xib */; };
		E4C7AF3F1E5DD63000B79BB0 /* ContactsDataStore.swift in Sources */ = {isa = PBXBuildFile; fileRef = E4C7AF3E1E5DD63000B79BB0 /* ContactsDataStore.swift */; };
/* End PBXBuildFile section */

/* Begin PBXContainerItemProxy section */
		1F9891B31D409547007CD2B0 /* PBXContainerItemProxy */ = {
			isa = PBXContainerItemProxy;
			containerPortal = 1F9891961D409547007CD2B0 /* Project object */;
			proxyType = 1;
			remoteGlobalIDString = 1F98919D1D409547007CD2B0;
			remoteInfo = AutoMateExample;
		};
		E4458A871E6E97B300EC6743 /* PBXContainerItemProxy */ = {
			isa = PBXContainerItemProxy;
			containerPortal = E4458A821E6E97B300EC6743 /* AutoMate.xcodeproj */;
			proxyType = 2;
			remoteGlobalIDString = E425D55D1CED928100A7CA03;
			remoteInfo = AutoMate;
		};
		E4458A891E6E97B300EC6743 /* PBXContainerItemProxy */ = {
			isa = PBXContainerItemProxy;
			containerPortal = E4458A821E6E97B300EC6743 /* AutoMate.xcodeproj */;
			proxyType = 2;
			remoteGlobalIDString = E4EE41C11CFD7246004F0FFE;
			remoteInfo = AutoMateTests;
		};
		E450D62D1E6EA570001E2089 /* PBXContainerItemProxy */ = {
			isa = PBXContainerItemProxy;
			containerPortal = 1F9891961D409547007CD2B0 /* Project object */;
			proxyType = 1;
			remoteGlobalIDString = E45BBB171E6EA16C001BA04B;
			remoteInfo = TestResourceBundle;
		};
		E4977AB01E6EB8F500ABFBE7 /* PBXContainerItemProxy */ = {
			isa = PBXContainerItemProxy;
			containerPortal = E4458A821E6E97B300EC6743 /* AutoMate.xcodeproj */;
			proxyType = 1;
			remoteGlobalIDString = E425D55C1CED928100A7CA03;
			remoteInfo = AutoMate;
		};
/* End PBXContainerItemProxy section */

/* Begin PBXCopyFilesBuildPhase section */
		961915271D91235E009367C6 /* Embed Frameworks */ = {
			isa = PBXCopyFilesBuildPhase;
			buildActionMask = 2147483647;
			dstPath = "";
			dstSubfolderSpec = 10;
			files = (
				E4977AB21E6EBB4100ABFBE7 /* AutoMate.framework in Embed Frameworks */,
			);
			name = "Embed Frameworks";
			runOnlyForDeploymentPostprocessing = 0;
		};
/* End PBXCopyFilesBuildPhase section */

/* Begin PBXFileReference section */
		1F287A4A1D65845C0062F45F /* LocationWhenInUseViewController.swift */ = {isa = PBXFileReference; fileEncoding = 4; lastKnownFileType = sourcecode.swift; path = LocationWhenInUseViewController.swift; sourceTree = "<group>"; };
		1F39828B1D65C2D900AC089C /* MiddleButtonViewController.swift */ = {isa = PBXFileReference; fileEncoding = 4; lastKnownFileType = sourcecode.swift; path = MiddleButtonViewController.swift; sourceTree = "<group>"; };
		1F8646151D64905E0033749B /* AppearingViewController.swift */ = {isa = PBXFileReference; fileEncoding = 4; lastKnownFileType = sourcecode.swift; path = AppearingViewController.swift; sourceTree = "<group>"; };
		1F98919E1D409547007CD2B0 /* AutoMateExample.app */ = {isa = PBXFileReference; explicitFileType = wrapper.application; includeInIndex = 0; path = AutoMateExample.app; sourceTree = BUILT_PRODUCTS_DIR; };
		1F9891A11D409547007CD2B0 /* AppDelegate.swift */ = {isa = PBXFileReference; lastKnownFileType = sourcecode.swift; path = AppDelegate.swift; sourceTree = "<group>"; };
		1F9891A81D409547007CD2B0 /* Assets.xcassets */ = {isa = PBXFileReference; lastKnownFileType = folder.assetcatalog; path = Assets.xcassets; sourceTree = "<group>"; };
		1F9891AD1D409547007CD2B0 /* Info.plist */ = {isa = PBXFileReference; lastKnownFileType = text.plist.xml; path = Info.plist; sourceTree = "<group>"; };
		1F9891B21D409547007CD2B0 /* AutoMateExampleUITests.xctest */ = {isa = PBXFileReference; explicitFileType = wrapper.cfbundle; includeInIndex = 0; path = AutoMateExampleUITests.xctest; sourceTree = BUILT_PRODUCTS_DIR; };
		1F9891B61D409547007CD2B0 /* LaunchArgumentsWithAutoMateTests.swift */ = {isa = PBXFileReference; lastKnownFileType = sourcecode.swift; path = LaunchArgumentsWithAutoMateTests.swift; sourceTree = "<group>"; };
		1F9891B81D409547007CD2B0 /* Info.plist */ = {isa = PBXFileReference; lastKnownFileType = text.plist.xml; path = Info.plist; sourceTree = "<group>"; };
		1F9892381D409B16007CD2B0 /* Main.storyboard */ = {isa = PBXFileReference; fileEncoding = 4; lastKnownFileType = file.storyboard; path = Main.storyboard; sourceTree = "<group>"; };
		1F9892391D409B16007CD2B0 /* LaunchScreen.storyboard */ = {isa = PBXFileReference; fileEncoding = 4; lastKnownFileType = file.storyboard; path = LaunchScreen.storyboard; sourceTree = "<group>"; };
		1F98923C1D40A80D007CD2B0 /* LaunchArgumentsWithoutAutoMateTests.swift */ = {isa = PBXFileReference; fileEncoding = 4; lastKnownFileType = sourcecode.swift; path = LaunchArgumentsWithoutAutoMateTests.swift; sourceTree = "<group>"; };
		1FFFC1D41D477CFD00EBB70D /* en */ = {isa = PBXFileReference; lastKnownFileType = text.plist.strings; name = en; path = en.lproj/Localizable.strings; sourceTree = "<group>"; };
		1FFFC1D61D477CFF00EBB70D /* pl */ = {isa = PBXFileReference; lastKnownFileType = text.plist.strings; name = pl; path = pl.lproj/Localizable.strings; sourceTree = "<group>"; };
		7B7ADF57D633054D52F73B21 /* Pods_AutoMateExampleUITests.framework */ = {isa = PBXFileReference; explicitFileType = wrapper.framework; includeInIndex = 0; path = Pods_AutoMateExampleUITests.framework; sourceTree = BUILT_PRODUCTS_DIR; };
		8319988BC37CCFFEFEE49667 /* Pods-AutoMateExample.release.xcconfig */ = {isa = PBXFileReference; includeInIndex = 1; lastKnownFileType = text.xcconfig; name = "Pods-AutoMateExample.release.xcconfig"; path = "Pods/Target Support Files/Pods-AutoMateExample/Pods-AutoMateExample.release.xcconfig"; sourceTree = "<group>"; };
		961CB2001E558CC000148CAE /* HealthKit.framework */ = {isa = PBXFileReference; lastKnownFileType = wrapper.framework; name = HealthKit.framework; path = System/Library/Frameworks/HealthKit.framework; sourceTree = SDKROOT; };
		961CB2031E558F7000148CAE /* RemindersViewController.swift */ = {isa = PBXFileReference; fileEncoding = 4; lastKnownFileType = sourcecode.swift; path = RemindersViewController.swift; sourceTree = "<group>"; };
		9621BBCA1E4206C6001A9C2C /* TablePage.swift */ = {isa = PBXFileReference; fileEncoding = 4; lastKnownFileType = sourcecode.swift; path = TablePage.swift; sourceTree = "<group>"; };
		9621BBCD1E42090C001A9C2C /* PushedPage.swift */ = {isa = PBXFileReference; fileEncoding = 4; lastKnownFileType = sourcecode.swift; path = PushedPage.swift; sourceTree = "<group>"; };
		9621BBCF1E420D98001A9C2C /* XCUIElementExtensionTests.swift */ = {isa = PBXFileReference; fileEncoding = 4; lastKnownFileType = sourcecode.swift; path = XCUIElementExtensionTests.swift; sourceTree = "<group>"; };
		9621BBD11E420E25001A9C2C /* ScrollPage.swift */ = {isa = PBXFileReference; fileEncoding = 4; lastKnownFileType = sourcecode.swift; path = ScrollPage.swift; sourceTree = "<group>"; };
		962FAAC31D9144F6000592EF /* ScrollingViewController.swift */ = {isa = PBXFileReference; fileEncoding = 4; lastKnownFileType = sourcecode.swift; path = ScrollingViewController.swift; sourceTree = "<group>"; };
		9641182A1E41EF7A0011C776 /* MainPage.swift */ = {isa = PBXFileReference; fileEncoding = 4; lastKnownFileType = sourcecode.swift; path = MainPage.swift; sourceTree = "<group>"; };
		9641182C1E41F8E90011C776 /* XCUIElementQueryTests.swift */ = {isa = PBXFileReference; fileEncoding = 4; lastKnownFileType = sourcecode.swift; path = XCUIElementQueryTests.swift; sourceTree = "<group>"; };
		96470BD21E5585E200D40CB9 /* SpeechRecognitionViewController.swift */ = {isa = PBXFileReference; fileEncoding = 4; lastKnownFileType = sourcecode.swift; path = SpeechRecognitionViewController.swift; sourceTree = "<group>"; };
		96470BD41E55873F00D40CB9 /* SiriViewController.swift */ = {isa = PBXFileReference; fileEncoding = 4; lastKnownFileType = sourcecode.swift; path = SiriViewController.swift; sourceTree = "<group>"; };
		964F74C91E54DE90004B9400 /* LocationAlwaysViewController.swift */ = {isa = PBXFileReference; fileEncoding = 4; lastKnownFileType = sourcecode.swift; path = LocationAlwaysViewController.swift; sourceTree = "<group>"; };
		965D56AC1E35F4C20056EE05 /* MainViewController.swift */ = {isa = PBXFileReference; fileEncoding = 4; lastKnownFileType = sourcecode.swift; path = MainViewController.swift; sourceTree = "<group>"; };
		9663E0C71E9BBA6300331C4A /* RotationViewController.swift */ = {isa = PBXFileReference; fileEncoding = 4; lastKnownFileType = sourcecode.swift; path = RotationViewController.swift; sourceTree = "<group>"; };
		9663E0CA1E9CAC7400331C4A /* RotatePage.swift */ = {isa = PBXFileReference; fileEncoding = 4; lastKnownFileType = sourcecode.swift; path = RotatePage.swift; sourceTree = "<group>"; };
		966A7A111E5488300026AE29 /* HealthKitViewController.swift */ = {isa = PBXFileReference; fileEncoding = 4; lastKnownFileType = sourcecode.swift; path = HealthKitViewController.swift; sourceTree = "<group>"; };
		966A7A141E548D7F0026AE29 /* AutoMateExample.entitlements */ = {isa = PBXFileReference; lastKnownFileType = text.plist.entitlements; path = AutoMateExample.entitlements; sourceTree = "<group>"; };
		9670CC1B1E77D8DD00A1134E /* ContactsListPage.swift */ = {isa = PBXFileReference; fileEncoding = 4; lastKnownFileType = sourcecode.swift; path = ContactsListPage.swift; sourceTree = "<group>"; };
		9670CC1E1E77D90C00A1134E /* ContactsData.swift */ = {isa = PBXFileReference; fileEncoding = 4; lastKnownFileType = sourcecode.swift; path = ContactsData.swift; sourceTree = "<group>"; };
		9674481B1E55917B000B42BB /* PhotoViewController.swift */ = {isa = PBXFileReference; fileEncoding = 4; lastKnownFileType = sourcecode.swift; path = PhotoViewController.swift; sourceTree = "<group>"; };
		9674481E1E5591F5000B42BB /* CameraViewController.swift */ = {isa = PBXFileReference; fileEncoding = 4; lastKnownFileType = sourcecode.swift; path = CameraViewController.swift; sourceTree = "<group>"; };
		967448201E5592BA000B42BB /* MediaLibraryViewController.swift */ = {isa = PBXFileReference; fileEncoding = 4; lastKnownFileType = sourcecode.swift; path = MediaLibraryViewController.swift; sourceTree = "<group>"; };
		967448221E5593AE000B42BB /* BluetoothViewController.swift */ = {isa = PBXFileReference; fileEncoding = 4; lastKnownFileType = sourcecode.swift; path = BluetoothViewController.swift; sourceTree = "<group>"; };
		967448241E5595EE000B42BB /* MicrophoneViewController.swift */ = {isa = PBXFileReference; fileEncoding = 4; lastKnownFileType = sourcecode.swift; path = MicrophoneViewController.swift; sourceTree = "<group>"; };
		967448261E55973D000B42BB /* CallsViewController.swift */ = {isa = PBXFileReference; fileEncoding = 4; lastKnownFileType = sourcecode.swift; path = CallsViewController.swift; sourceTree = "<group>"; };
		967448281E559A8B000B42BB /* CalendarViewController.swift */ = {isa = PBXFileReference; fileEncoding = 4; lastKnownFileType = sourcecode.swift; path = CalendarViewController.swift; sourceTree = "<group>"; };
		9674482A1E559CF9000B42BB /* MotionViewController.swift */ = {isa = PBXFileReference; fileEncoding = 4; lastKnownFileType = sourcecode.swift; path = MotionViewController.swift; sourceTree = "<group>"; };
		9674482C1E55A61D000B42BB /* PermissionsSubPages.swift */ = {isa = PBXFileReference; fileEncoding = 4; lastKnownFileType = sourcecode.swift; path = PermissionsSubPages.swift; sourceTree = "<group>"; };
		969087C61E9505D7007974FB /* ScrollingHorizontallyViewController.swift */ = {isa = PBXFileReference; fileEncoding = 4; lastKnownFileType = sourcecode.swift; path = ScrollingHorizontallyViewController.swift; sourceTree = "<group>"; };
		969087C91E950A72007974FB /* ScrollVerticallyPage.swift */ = {isa = PBXFileReference; fileEncoding = 4; lastKnownFileType = sourcecode.swift; path = ScrollVerticallyPage.swift; sourceTree = "<group>"; };
		969CC2811E4216AE00995A49 /* TextInputPage.swift */ = {isa = PBXFileReference; fileEncoding = 4; lastKnownFileType = sourcecode.swift; path = TextInputPage.swift; sourceTree = "<group>"; };
		969CC2841E421AE700995A49 /* MiddleButtonPage.swift */ = {isa = PBXFileReference; fileEncoding = 4; lastKnownFileType = sourcecode.swift; path = MiddleButtonPage.swift; sourceTree = "<group>"; };
		969CC2881E421FE500995A49 /* AppearingPage.swift */ = {isa = PBXFileReference; fileEncoding = 4; lastKnownFileType = sourcecode.swift; path = AppearingPage.swift; sourceTree = "<group>"; };
		969CC28A1E42204500995A49 /* AdditionalExtensionsTests.swift */ = {isa = PBXFileReference; fileEncoding = 4; lastKnownFileType = sourcecode.swift; path = AdditionalExtensionsTests.swift; sourceTree = "<group>"; };
		96A22A291E72D50B0039E17E /* ContactsSavedDataTests.swift */ = {isa = PBXFileReference; fileEncoding = 4; lastKnownFileType = sourcecode.swift; path = ContactsSavedDataTests.swift; sourceTree = "<group>"; };
		96AB1AFA1E78265D003A1CB8 /* ForMovieTests.swift */ = {isa = PBXFileReference; fileEncoding = 4; lastKnownFileType = sourcecode.swift; path = ForMovieTests.swift; sourceTree = "<group>"; };
		96AB73F11E44C35300FA811A /* TestLauncher.swift */ = {isa = PBXFileReference; fileEncoding = 4; lastKnownFileType = sourcecode.swift; path = TestLauncher.swift; sourceTree = "<group>"; };
		96B131DB1E54C161007E3A04 /* PermissionsPage.swift */ = {isa = PBXFileReference; fileEncoding = 4; lastKnownFileType = sourcecode.swift; path = PermissionsPage.swift; sourceTree = "<group>"; };
		96B131DD1E54CA7F007E3A04 /* PermissionsTests.swift */ = {isa = PBXFileReference; fileEncoding = 4; lastKnownFileType = sourcecode.swift; path = PermissionsTests.swift; sourceTree = "<group>"; };
		96B9B69D1E96147C00ADBC92 /* CollectionViewController.swift */ = {isa = PBXFileReference; fileEncoding = 4; lastKnownFileType = sourcecode.swift; path = CollectionViewController.swift; sourceTree = "<group>"; };
		96B9B6A01E961D9200ADBC92 /* LongTableViewController.swift */ = {isa = PBXFileReference; fileEncoding = 4; lastKnownFileType = sourcecode.swift; path = LongTableViewController.swift; sourceTree = "<group>"; };
		96B9B6A21E96234600ADBC92 /* CollectionPage.swift */ = {isa = PBXFileReference; fileEncoding = 4; lastKnownFileType = sourcecode.swift; path = CollectionPage.swift; sourceTree = "<group>"; };
		96BB6F4B1E5448CE00A74DA1 /* PermissionsViewController.swift */ = {isa = PBXFileReference; fileEncoding = 4; lastKnownFileType = sourcecode.swift; path = PermissionsViewController.swift; sourceTree = "<group>"; };
		96BB6F4D1E544BE900A74DA1 /* PermissionTableViewCell.swift */ = {isa = PBXFileReference; fileEncoding = 4; lastKnownFileType = sourcecode.swift; path = PermissionTableViewCell.swift; sourceTree = "<group>"; };
		96BB6F4F1E54658C00A74DA1 /* HomeKitViewController.swift */ = {isa = PBXFileReference; fileEncoding = 4; lastKnownFileType = sourcecode.swift; path = HomeKitViewController.swift; sourceTree = "<group>"; };
		9F5E8BAFBD0028B77938ED82 /* Pods-AutoMateExample.debug.xcconfig */ = {isa = PBXFileReference; includeInIndex = 1; lastKnownFileType = text.xcconfig; name = "Pods-AutoMateExample.debug.xcconfig"; path = "Pods/Target Support Files/Pods-AutoMateExample/Pods-AutoMateExample.debug.xcconfig"; sourceTree = "<group>"; };
		C0FD41733358EFFB7E760FB8 /* Pods_AutoMateExample.framework */ = {isa = PBXFileReference; explicitFileType = wrapper.framework; includeInIndex = 0; path = Pods_AutoMateExample.framework; sourceTree = BUILT_PRODUCTS_DIR; };
		C850B01A1E5EDEA400392526 /* ContactTableViewCell.swift */ = {isa = PBXFileReference; fileEncoding = 4; lastKnownFileType = sourcecode.swift; path = ContactTableViewCell.swift; sourceTree = "<group>"; };
		C850B01C1E5EDEDF00392526 /* ContactTableViewCell.xib */ = {isa = PBXFileReference; fileEncoding = 4; lastKnownFileType = file.xib; path = ContactTableViewCell.xib; sourceTree = "<group>"; };
		C8E84E531E5EC4C100DAA411 /* TableViewDataProtocols.swift */ = {isa = PBXFileReference; fileEncoding = 4; lastKnownFileType = sourcecode.swift; path = TableViewDataProtocols.swift; sourceTree = "<group>"; };
		C8E84E561E5EC55D00DAA411 /* UIKit+Extensions.swift */ = {isa = PBXFileReference; fileEncoding = 4; lastKnownFileType = sourcecode.swift; path = "UIKit+Extensions.swift"; sourceTree = "<group>"; };
		C9583BFA1E4B52D70098BB27 /* ContactsViewController.swift */ = {isa = PBXFileReference; fileEncoding = 4; lastKnownFileType = sourcecode.swift; path = ContactsViewController.swift; sourceTree = "<group>"; };
		E40AEDE21E76D52D00991238 /* EventsListPage.swift */ = {isa = PBXFileReference; fileEncoding = 4; lastKnownFileType = sourcecode.swift; path = EventsListPage.swift; sourceTree = "<group>"; };
		E43E3D921E76F2A40055E635 /* RemindersListPage.swift */ = {isa = PBXFileReference; fileEncoding = 4; lastKnownFileType = sourcecode.swift; path = RemindersListPage.swift; sourceTree = "<group>"; };
		E4458A821E6E97B300EC6743 /* AutoMate.xcodeproj */ = {isa = PBXFileReference; lastKnownFileType = "wrapper.pb-project"; name = AutoMate.xcodeproj; path = ../AutoMate.xcodeproj; sourceTree = "<group>"; };
		E450D6271E6EA431001E2089 /* contacts.json */ = {isa = PBXFileReference; fileEncoding = 4; lastKnownFileType = text.json; path = contacts.json; sourceTree = "<group>"; };
		E450D6281E6EA431001E2089 /* events.json */ = {isa = PBXFileReference; fileEncoding = 4; lastKnownFileType = text.json; path = events.json; sourceTree = "<group>"; };
		E450D6291E6EA431001E2089 /* reminders.json */ = {isa = PBXFileReference; fileEncoding = 4; lastKnownFileType = text.json; path = reminders.json; sourceTree = "<group>"; };
		E450D6301E6EB282001E2089 /* profile-placeholder.png */ = {isa = PBXFileReference; lastKnownFileType = image.png; path = "profile-placeholder.png"; sourceTree = "<group>"; };
		E457E8FF1E5C96A4006B08B5 /* LaunchEnvironmentsTableViewController.swift */ = {isa = PBXFileReference; fileEncoding = 4; lastKnownFileType = sourcecode.swift; path = LaunchEnvironmentsTableViewController.swift; sourceTree = "<group>"; };
		E45BBB0F1E6E9951001BA04B /* AutoMateLaunchEnvironmentsPage.swift */ = {isa = PBXFileReference; fileEncoding = 4; lastKnownFileType = sourcecode.swift; path = AutoMateLaunchEnvironmentsPage.swift; sourceTree = "<group>"; };
		E45BBB121E6E997B001BA04B /* EventKitData.swift */ = {isa = PBXFileReference; fileEncoding = 4; lastKnownFileType = sourcecode.swift; path = EventKitData.swift; sourceTree = "<group>"; };
		E45BBB181E6EA16C001BA04B /* TestResourceBundle.bundle */ = {isa = PBXFileReference; explicitFileType = wrapper.cfbundle; includeInIndex = 0; path = TestResourceBundle.bundle; sourceTree = BUILT_PRODUCTS_DIR; };
		E45BBB1A1E6EA16C001BA04B /* Info.plist */ = {isa = PBXFileReference; lastKnownFileType = text.plist.xml; path = Info.plist; sourceTree = "<group>"; };
		E48826221E729E4200AB1E98 /* Date+Helpers.swift */ = {isa = PBXFileReference; fileEncoding = 4; lastKnownFileType = sourcecode.swift; path = "Date+Helpers.swift"; sourceTree = "<group>"; };
		E48826251E729F2100AB1E98 /* RemindersDataStore.swift */ = {isa = PBXFileReference; fileEncoding = 4; lastKnownFileType = sourcecode.swift; path = RemindersDataStore.swift; sourceTree = "<group>"; };
		E48826271E72AB1800AB1E98 /* ReminderViewModel.swift */ = {isa = PBXFileReference; fileEncoding = 4; lastKnownFileType = sourcecode.swift; path = ReminderViewModel.swift; sourceTree = "<group>"; };
		E48826291E72BC1200AB1E98 /* ReminderTableViewCell.swift */ = {isa = PBXFileReference; fileEncoding = 4; lastKnownFileType = sourcecode.swift; path = ReminderTableViewCell.swift; sourceTree = "<group>"; };
		E488262A1E72BC1200AB1E98 /* ReminderTableViewCell.xib */ = {isa = PBXFileReference; fileEncoding = 4; lastKnownFileType = file.xib; path = ReminderTableViewCell.xib; sourceTree = "<group>"; };
		E488262D1E72BCA900AB1E98 /* EventViewModel.swift */ = {isa = PBXFileReference; fileEncoding = 4; lastKnownFileType = sourcecode.swift; path = EventViewModel.swift; sourceTree = "<group>"; };
		E4A905901E6030B5002081EA /* LaunchOptionsHandler.swift */ = {isa = PBXFileReference; fileEncoding = 4; lastKnownFileType = sourcecode.swift; path = LaunchOptionsHandler.swift; sourceTree = "<group>"; };
		E4BA7C791E5B1F0300593B52 /* LaunchEnvironmentsDataViewController.swift */ = {isa = PBXFileReference; fileEncoding = 4; lastKnownFileType = sourcecode.swift; path = LaunchEnvironmentsDataViewController.swift; sourceTree = "<group>"; };
		E4BA7C7B1E5B245900593B52 /* LaunchEnvironmentTableDataSource.swift */ = {isa = PBXFileReference; fileEncoding = 4; lastKnownFileType = sourcecode.swift; path = LaunchEnvironmentTableDataSource.swift; sourceTree = "<group>"; };
		E4BA7C7D1E5B2EF600593B52 /* EventsDataStore.swift */ = {isa = PBXFileReference; fileEncoding = 4; lastKnownFileType = sourcecode.swift; path = EventsDataStore.swift; sourceTree = "<group>"; };
		E4BA7C7F1E5C578D00593B52 /* EventTableViewCell.swift */ = {isa = PBXFileReference; fileEncoding = 4; lastKnownFileType = sourcecode.swift; path = EventTableViewCell.swift; sourceTree = "<group>"; };
		E4BA7C801E5C578D00593B52 /* EventTableViewCell.xib */ = {isa = PBXFileReference; fileEncoding = 4; lastKnownFileType = file.xib; path = EventTableViewCell.xib; sourceTree = "<group>"; };
		E4C7AF3E1E5DD63000B79BB0 /* ContactsDataStore.swift */ = {isa = PBXFileReference; fileEncoding = 4; lastKnownFileType = sourcecode.swift; path = ContactsDataStore.swift; sourceTree = "<group>"; };
		E4CDE9451E606CE80070DDF5 /* EventKitSavedDataTests.swift */ = {isa = PBXFileReference; fileEncoding = 4; lastKnownFileType = sourcecode.swift; path = EventKitSavedDataTests.swift; sourceTree = "<group>"; };
/* End PBXFileReference section */

/* Begin PBXFrameworksBuildPhase section */
		1F98919B1D409547007CD2B0 /* Frameworks */ = {
			isa = PBXFrameworksBuildPhase;
			buildActionMask = 2147483647;
			files = (
				961CB2011E558CC000148CAE /* HealthKit.framework in Frameworks */,
				9F61116E0FCC28A35542B3C9 /* Pods_AutoMateExample.framework in Frameworks */,
			);
			runOnlyForDeploymentPostprocessing = 0;
		};
		1F9891AF1D409547007CD2B0 /* Frameworks */ = {
			isa = PBXFrameworksBuildPhase;
			buildActionMask = 2147483647;
			files = (
				E4977AAF1E6EB7AA00ABFBE7 /* AutoMate.framework in Frameworks */,
			);
			runOnlyForDeploymentPostprocessing = 0;
		};
		E45BBB151E6EA16C001BA04B /* Frameworks */ = {
			isa = PBXFrameworksBuildPhase;
			buildActionMask = 2147483647;
			files = (
			);
			runOnlyForDeploymentPostprocessing = 0;
		};
/* End PBXFrameworksBuildPhase section */

/* Begin PBXGroup section */
		1F9891951D409547007CD2B0 = {
			isa = PBXGroup;
			children = (
				E4458A821E6E97B300EC6743 /* AutoMate.xcodeproj */,
				1F9891A01D409547007CD2B0 /* AutoMateExample */,
				1F9891B51D409547007CD2B0 /* AutoMateExampleUITests */,
				E45BBB191E6EA16C001BA04B /* TestResourceBundle */,
				1F98919F1D409547007CD2B0 /* Products */,
				966A7A151E548D7F0026AE29 /* Frameworks */,
				992B61D6513DAF729D1DF33D /* Pods */,
			);
			sourceTree = "<group>";
		};
		1F98919F1D409547007CD2B0 /* Products */ = {
			isa = PBXGroup;
			children = (
				1F98919E1D409547007CD2B0 /* AutoMateExample.app */,
				1F9891B21D409547007CD2B0 /* AutoMateExampleUITests.xctest */,
				E45BBB181E6EA16C001BA04B /* TestResourceBundle.bundle */,
			);
			name = Products;
			sourceTree = "<group>";
		};
		1F9891A01D409547007CD2B0 /* AutoMateExample */ = {
			isa = PBXGroup;
			children = (
				966A7A141E548D7F0026AE29 /* AutoMateExample.entitlements */,
				1F9891AD1D409547007CD2B0 /* Info.plist */,
				1F9892391D409B16007CD2B0 /* LaunchScreen.storyboard */,
				1F9892381D409B16007CD2B0 /* Main.storyboard */,
				1F9891A11D409547007CD2B0 /* AppDelegate.swift */,
				1F8646151D64905E0033749B /* AppearingViewController.swift */,
				96B9B69D1E96147C00ADBC92 /* CollectionViewController.swift */,
				96B9B6A01E961D9200ADBC92 /* LongTableViewController.swift */,
				965D56AC1E35F4C20056EE05 /* MainViewController.swift */,
				1F39828B1D65C2D900AC089C /* MiddleButtonViewController.swift */,
				96BB6F4B1E5448CE00A74DA1 /* PermissionsViewController.swift */,
				96BB6F4D1E544BE900A74DA1 /* PermissionTableViewCell.swift */,
				9663E0C71E9BBA6300331C4A /* RotationViewController.swift */,
				969087C61E9505D7007974FB /* ScrollingHorizontallyViewController.swift */,
				962FAAC31D9144F6000592EF /* ScrollingViewController.swift */,
				1F9891A81D409547007CD2B0 /* Assets.xcassets */,
				E437D7F11E5B1B96001C6477 /* AutoMateLaunchEnviroments */,
				1FFFC1D51D477CFD00EBB70D /* Localizable.strings */,
				96470BD01E5585A400D40CB9 /* Permissions */,
			);
			path = AutoMateExample;
			sourceTree = "<group>";
		};
		1F9891B51D409547007CD2B0 /* AutoMateExampleUITests */ = {
			isa = PBXGroup;
			children = (
				1F9891B81D409547007CD2B0 /* Info.plist */,
				96A22A291E72D50B0039E17E /* ContactsSavedDataTests.swift */,
				E4CDE9451E606CE80070DDF5 /* EventKitSavedDataTests.swift */,
				96AB1AFA1E78265D003A1CB8 /* ForMovieTests.swift */,
				1F9891B61D409547007CD2B0 /* LaunchArgumentsWithAutoMateTests.swift */,
				1F98923C1D40A80D007CD2B0 /* LaunchArgumentsWithoutAutoMateTests.swift */,
				96B131DD1E54CA7F007E3A04 /* PermissionsTests.swift */,
				96AB73F11E44C35300FA811A /* TestLauncher.swift */,
				E45BBB111E6E997B001BA04B /* Data agents */,
				E42132551D7FF56900481842 /* Extensions tests */,
				964118241E41EDF90011C776 /* PageObjects */,
			);
			path = AutoMateExampleUITests;
			sourceTree = "<group>";
		};
		964118241E41EDF90011C776 /* PageObjects */ = {
			isa = PBXGroup;
			children = (
				969CC2881E421FE500995A49 /* AppearingPage.swift */,
				E45BBB0F1E6E9951001BA04B /* AutoMateLaunchEnvironmentsPage.swift */,
				96B9B6A21E96234600ADBC92 /* CollectionPage.swift */,
				9670CC1B1E77D8DD00A1134E /* ContactsListPage.swift */,
				E40AEDE21E76D52D00991238 /* EventsListPage.swift */,
				9641182A1E41EF7A0011C776 /* MainPage.swift */,
				969CC2841E421AE700995A49 /* MiddleButtonPage.swift */,
				96B131DB1E54C161007E3A04 /* PermissionsPage.swift */,
				9674482C1E55A61D000B42BB /* PermissionsSubPages.swift */,
				9621BBCD1E42090C001A9C2C /* PushedPage.swift */,
				E43E3D921E76F2A40055E635 /* RemindersListPage.swift */,
				9663E0CA1E9CAC7400331C4A /* RotatePage.swift */,
				9621BBD11E420E25001A9C2C /* ScrollPage.swift */,
				969087C91E950A72007974FB /* ScrollVerticallyPage.swift */,
				9621BBCA1E4206C6001A9C2C /* TablePage.swift */,
				969CC2811E4216AE00995A49 /* TextInputPage.swift */,
			);
			path = PageObjects;
			sourceTree = "<group>";
		};
		96470BD01E5585A400D40CB9 /* Permissions */ = {
			isa = PBXGroup;
			children = (
				967448221E5593AE000B42BB /* BluetoothViewController.swift */,
				967448281E559A8B000B42BB /* CalendarViewController.swift */,
				967448261E55973D000B42BB /* CallsViewController.swift */,
				9674481E1E5591F5000B42BB /* CameraViewController.swift */,
				C9583BFA1E4B52D70098BB27 /* ContactsViewController.swift */,
				966A7A111E5488300026AE29 /* HealthKitViewController.swift */,
				96BB6F4F1E54658C00A74DA1 /* HomeKitViewController.swift */,
				964F74C91E54DE90004B9400 /* LocationAlwaysViewController.swift */,
				1F287A4A1D65845C0062F45F /* LocationWhenInUseViewController.swift */,
				967448201E5592BA000B42BB /* MediaLibraryViewController.swift */,
				967448241E5595EE000B42BB /* MicrophoneViewController.swift */,
				9674482A1E559CF9000B42BB /* MotionViewController.swift */,
				9674481B1E55917B000B42BB /* PhotoViewController.swift */,
				961CB2031E558F7000148CAE /* RemindersViewController.swift */,
				96470BD41E55873F00D40CB9 /* SiriViewController.swift */,
				96470BD21E5585E200D40CB9 /* SpeechRecognitionViewController.swift */,
			);
			name = Permissions;
			sourceTree = "<group>";
		};
		966A7A151E548D7F0026AE29 /* Frameworks */ = {
			isa = PBXGroup;
			children = (
				961CB2001E558CC000148CAE /* HealthKit.framework */,
				C0FD41733358EFFB7E760FB8 /* Pods_AutoMateExample.framework */,
				7B7ADF57D633054D52F73B21 /* Pods_AutoMateExampleUITests.framework */,
			);
			name = Frameworks;
			sourceTree = "<group>";
		};
		992B61D6513DAF729D1DF33D /* Pods */ = {
			isa = PBXGroup;
			children = (
				9F5E8BAFBD0028B77938ED82 /* Pods-AutoMateExample.debug.xcconfig */,
				8319988BC37CCFFEFEE49667 /* Pods-AutoMateExample.release.xcconfig */,
			);
			name = Pods;
			sourceTree = "<group>";
		};
		C850B0171E5EC67900392526 /* EventKit */ = {
			isa = PBXGroup;
			children = (
				E4BA7C7D1E5B2EF600593B52 /* EventsDataStore.swift */,
				E4BA7C7F1E5C578D00593B52 /* EventTableViewCell.swift */,
				E4BA7C801E5C578D00593B52 /* EventTableViewCell.xib */,
				E488262D1E72BCA900AB1E98 /* EventViewModel.swift */,
				E48826251E729F2100AB1E98 /* RemindersDataStore.swift */,
				E48826291E72BC1200AB1E98 /* ReminderTableViewCell.swift */,
				E488262A1E72BC1200AB1E98 /* ReminderTableViewCell.xib */,
				E48826271E72AB1800AB1E98 /* ReminderViewModel.swift */,
			);
			name = EventKit;
			sourceTree = "<group>";
		};
		C850B0191E5EC68A00392526 /* Contacts */ = {
			isa = PBXGroup;
			children = (
				E4C7AF3E1E5DD63000B79BB0 /* ContactsDataStore.swift */,
				C850B01A1E5EDEA400392526 /* ContactTableViewCell.swift */,
				C850B01C1E5EDEDF00392526 /* ContactTableViewCell.xib */,
			);
			name = Contacts;
			sourceTree = "<group>";
		};
		E42132551D7FF56900481842 /* Extensions tests */ = {
			isa = PBXGroup;
			children = (
				969CC28A1E42204500995A49 /* AdditionalExtensionsTests.swift */,
				9621BBCF1E420D98001A9C2C /* XCUIElementExtensionTests.swift */,
				9641182C1E41F8E90011C776 /* XCUIElementQueryTests.swift */,
			);
			path = "Extensions tests";
			sourceTree = "<group>";
		};
		E437D7F11E5B1B96001C6477 /* AutoMateLaunchEnviroments */ = {
			isa = PBXGroup;
			children = (
				E48826221E729E4200AB1E98 /* Date+Helpers.swift */,
				E4BA7C791E5B1F0300593B52 /* LaunchEnvironmentsDataViewController.swift */,
				E457E8FF1E5C96A4006B08B5 /* LaunchEnvironmentsTableViewController.swift */,
				E4BA7C7B1E5B245900593B52 /* LaunchEnvironmentTableDataSource.swift */,
				E4A905901E6030B5002081EA /* LaunchOptionsHandler.swift */,
				C8E84E531E5EC4C100DAA411 /* TableViewDataProtocols.swift */,
				C8E84E561E5EC55D00DAA411 /* UIKit+Extensions.swift */,
				C850B0191E5EC68A00392526 /* Contacts */,
				C850B0171E5EC67900392526 /* EventKit */,
			);
			name = AutoMateLaunchEnviroments;
			sourceTree = "<group>";
		};
		E4458A831E6E97B300EC6743 /* Products */ = {
			isa = PBXGroup;
			children = (
				E4458A881E6E97B300EC6743 /* AutoMate.framework */,
				E4458A8A1E6E97B300EC6743 /* AutoMateTests.xctest */,
			);
			name = Products;
			sourceTree = "<group>";
		};
		E45BBB111E6E997B001BA04B /* Data agents */ = {
			isa = PBXGroup;
			children = (
				9670CC1E1E77D90C00A1134E /* ContactsData.swift */,
				E45BBB121E6E997B001BA04B /* EventKitData.swift */,
			);
			path = "Data agents";
			sourceTree = "<group>";
		};
		E45BBB191E6EA16C001BA04B /* TestResourceBundle */ = {
			isa = PBXGroup;
			children = (
				E450D6271E6EA431001E2089 /* contacts.json */,
				E450D6281E6EA431001E2089 /* events.json */,
				E450D6301E6EB282001E2089 /* profile-placeholder.png */,
				E450D6291E6EA431001E2089 /* reminders.json */,
				E45BBB1A1E6EA16C001BA04B /* Info.plist */,
			);
			path = TestResourceBundle;
			sourceTree = "<group>";
		};
/* End PBXGroup section */

/* Begin PBXNativeTarget section */
		1F98919D1D409547007CD2B0 /* AutoMateExample */ = {
			isa = PBXNativeTarget;
			buildConfigurationList = 1F9891BB1D409547007CD2B0 /* Build configuration list for PBXNativeTarget "AutoMateExample" */;
			buildPhases = (
				C7AB9CBCC5E0491B305E5841 /* [CP] Check Pods Manifest.lock */,
				1F98919A1D409547007CD2B0 /* Sources */,
				1F98919B1D409547007CD2B0 /* Frameworks */,
				1F98919C1D409547007CD2B0 /* Resources */,
				1F0ED7E91D40B6DB00AA0DC3 /* SwiftLint */,
				3A09F1B19F4A72EB95307CCF /* [CP] Embed Pods Frameworks */,
				4FEBCF8B8EB552CF831C9C9D /* [CP] Copy Pods Resources */,
			);
			buildRules = (
			);
			dependencies = (
				E450D62E1E6EA570001E2089 /* PBXTargetDependency */,
			);
			name = AutoMateExample;
			productName = AutoMateExample;
			productReference = 1F98919E1D409547007CD2B0 /* AutoMateExample.app */;
			productType = "com.apple.product-type.application";
		};
		1F9891B11D409547007CD2B0 /* AutoMateExampleUITests */ = {
			isa = PBXNativeTarget;
			buildConfigurationList = 1F9891BE1D409547007CD2B0 /* Build configuration list for PBXNativeTarget "AutoMateExampleUITests" */;
			buildPhases = (
				1F9891AE1D409547007CD2B0 /* Sources */,
				1F9891AF1D409547007CD2B0 /* Frameworks */,
				1F9891B01D409547007CD2B0 /* Resources */,
				961915271D91235E009367C6 /* Embed Frameworks */,
			);
			buildRules = (
			);
			dependencies = (
				E4977AB11E6EB8F500ABFBE7 /* PBXTargetDependency */,
				1F9891B41D409547007CD2B0 /* PBXTargetDependency */,
			);
			name = AutoMateExampleUITests;
			productName = AutoMateExampleUITests;
			productReference = 1F9891B21D409547007CD2B0 /* AutoMateExampleUITests.xctest */;
			productType = "com.apple.product-type.bundle.ui-testing";
		};
		E45BBB171E6EA16C001BA04B /* TestResourceBundle */ = {
			isa = PBXNativeTarget;
			buildConfigurationList = E45BBB1B1E6EA16C001BA04B /* Build configuration list for PBXNativeTarget "TestResourceBundle" */;
			buildPhases = (
				E45BBB141E6EA16C001BA04B /* Sources */,
				E45BBB151E6EA16C001BA04B /* Frameworks */,
				E45BBB161E6EA16C001BA04B /* Resources */,
			);
			buildRules = (
			);
			dependencies = (
			);
			name = TestResourceBundle;
			productName = TestResourceBundle;
			productReference = E45BBB181E6EA16C001BA04B /* TestResourceBundle.bundle */;
			productType = "com.apple.product-type.bundle";
		};
/* End PBXNativeTarget section */

/* Begin PBXProject section */
		1F9891961D409547007CD2B0 /* Project object */ = {
			isa = PBXProject;
			attributes = {
				LastSwiftUpdateCheck = 0730;
				LastUpgradeCheck = 0800;
				ORGANIZATIONNAME = "PGS Software";
				TargetAttributes = {
					1F98919D1D409547007CD2B0 = {
						CreatedOnToolsVersion = 7.3;
						LastSwiftMigration = 0800;
						ProvisioningStyle = Automatic;
						SystemCapabilities = {
							com.apple.HealthKit = {
								enabled = 1;
							};
						};
					};
					1F9891B11D409547007CD2B0 = {
						CreatedOnToolsVersion = 7.3;
						LastSwiftMigration = 0800;
						ProvisioningStyle = Automatic;
						TestTargetID = 1F98919D1D409547007CD2B0;
					};
					E45BBB171E6EA16C001BA04B = {
						CreatedOnToolsVersion = 8.2.1;
						ProvisioningStyle = Automatic;
					};
				};
			};
			buildConfigurationList = 1F9891991D409547007CD2B0 /* Build configuration list for PBXProject "AutoMateExample" */;
			compatibilityVersion = "Xcode 3.2";
			developmentRegion = English;
			hasScannedForEncodings = 0;
			knownRegions = (
				en,
				pl,
			);
			mainGroup = 1F9891951D409547007CD2B0;
			productRefGroup = 1F98919F1D409547007CD2B0 /* Products */;
			projectDirPath = "";
			projectReferences = (
				{
					ProductGroup = E4458A831E6E97B300EC6743 /* Products */;
					ProjectRef = E4458A821E6E97B300EC6743 /* AutoMate.xcodeproj */;
				},
			);
			projectRoot = "";
			targets = (
				1F98919D1D409547007CD2B0 /* AutoMateExample */,
				1F9891B11D409547007CD2B0 /* AutoMateExampleUITests */,
				E45BBB171E6EA16C001BA04B /* TestResourceBundle */,
			);
		};
/* End PBXProject section */

/* Begin PBXReferenceProxy section */
		E4458A881E6E97B300EC6743 /* AutoMate.framework */ = {
			isa = PBXReferenceProxy;
			fileType = wrapper.framework;
			path = AutoMate.framework;
			remoteRef = E4458A871E6E97B300EC6743 /* PBXContainerItemProxy */;
			sourceTree = BUILT_PRODUCTS_DIR;
		};
		E4458A8A1E6E97B300EC6743 /* AutoMateTests.xctest */ = {
			isa = PBXReferenceProxy;
			fileType = wrapper.cfbundle;
			path = AutoMateTests.xctest;
			remoteRef = E4458A891E6E97B300EC6743 /* PBXContainerItemProxy */;
			sourceTree = BUILT_PRODUCTS_DIR;
		};
/* End PBXReferenceProxy section */

/* Begin PBXResourcesBuildPhase section */
		1F98919C1D409547007CD2B0 /* Resources */ = {
			isa = PBXResourcesBuildPhase;
			buildActionMask = 2147483647;
			files = (
				E450D62F1E6EA57B001E2089 /* TestResourceBundle.bundle in Resources */,
				C850B01D1E5EDEDF00392526 /* ContactTableViewCell.xib in Resources */,
				1FFFC1D31D477CFD00EBB70D /* Localizable.strings in Resources */,
				E488262C1E72BC1200AB1E98 /* ReminderTableViewCell.xib in Resources */,
				E4BA7C821E5C578D00593B52 /* EventTableViewCell.xib in Resources */,
				1F98923A1D409B16007CD2B0 /* Main.storyboard in Resources */,
				1F98923B1D409B16007CD2B0 /* LaunchScreen.storyboard in Resources */,
				1F9891A91D409547007CD2B0 /* Assets.xcassets in Resources */,
			);
			runOnlyForDeploymentPostprocessing = 0;
		};
		1F9891B01D409547007CD2B0 /* Resources */ = {
			isa = PBXResourcesBuildPhase;
			buildActionMask = 2147483647;
			files = (
			);
			runOnlyForDeploymentPostprocessing = 0;
		};
		E45BBB161E6EA16C001BA04B /* Resources */ = {
			isa = PBXResourcesBuildPhase;
			buildActionMask = 2147483647;
			files = (
				E450D62C1E6EA431001E2089 /* reminders.json in Resources */,
				E450D62B1E6EA431001E2089 /* events.json in Resources */,
				E450D62A1E6EA431001E2089 /* contacts.json in Resources */,
				E450D6311E6EB282001E2089 /* profile-placeholder.png in Resources */,
			);
			runOnlyForDeploymentPostprocessing = 0;
		};
/* End PBXResourcesBuildPhase section */

/* Begin PBXShellScriptBuildPhase section */
		1F0ED7E91D40B6DB00AA0DC3 /* SwiftLint */ = {
			isa = PBXShellScriptBuildPhase;
			buildActionMask = 2147483647;
			files = (
			);
			inputPaths = (
			);
			name = SwiftLint;
			outputPaths = (
			);
			runOnlyForDeploymentPostprocessing = 0;
			shellPath = /bin/sh;
			shellScript = "if which swiftlint >/dev/null; then\n    swiftlint\nelse\n    echo \"warning: SwiftLint not installed, download from https://github.com/realm/SwiftLint\"\nfi";
		};
		3A09F1B19F4A72EB95307CCF /* [CP] Embed Pods Frameworks */ = {
			isa = PBXShellScriptBuildPhase;
			buildActionMask = 2147483647;
			files = (
			);
			inputPaths = (
			);
			name = "[CP] Embed Pods Frameworks";
			outputPaths = (
			);
			runOnlyForDeploymentPostprocessing = 0;
			shellPath = /bin/sh;
			shellScript = "\"${SRCROOT}/Pods/Target Support Files/Pods-AutoMateExample/Pods-AutoMateExample-frameworks.sh\"\n";
			showEnvVarsInLog = 0;
		};
		4FEBCF8B8EB552CF831C9C9D /* [CP] Copy Pods Resources */ = {
			isa = PBXShellScriptBuildPhase;
			buildActionMask = 2147483647;
			files = (
			);
			inputPaths = (
			);
			name = "[CP] Copy Pods Resources";
			outputPaths = (
			);
			runOnlyForDeploymentPostprocessing = 0;
			shellPath = /bin/sh;
			shellScript = "\"${SRCROOT}/Pods/Target Support Files/Pods-AutoMateExample/Pods-AutoMateExample-resources.sh\"\n";
			showEnvVarsInLog = 0;
		};
		C7AB9CBCC5E0491B305E5841 /* [CP] Check Pods Manifest.lock */ = {
			isa = PBXShellScriptBuildPhase;
			buildActionMask = 2147483647;
			files = (
			);
			inputPaths = (
			);
			name = "[CP] Check Pods Manifest.lock";
			outputPaths = (
			);
			runOnlyForDeploymentPostprocessing = 0;
			shellPath = /bin/sh;
			shellScript = "diff \"${PODS_ROOT}/../Podfile.lock\" \"${PODS_ROOT}/Manifest.lock\" > /dev/null\nif [ $? != 0 ] ; then\n    # print error to STDERR\n    echo \"error: The sandbox is not in sync with the Podfile.lock. Run 'pod install' or update your CocoaPods installation.\" >&2\n    exit 1\nfi\n";
			showEnvVarsInLog = 0;
		};
/* End PBXShellScriptBuildPhase section */

/* Begin PBXSourcesBuildPhase section */
		1F98919A1D409547007CD2B0 /* Sources */ = {
			isa = PBXSourcesBuildPhase;
			buildActionMask = 2147483647;
			files = (
				1F8646161D64905E0033749B /* AppearingViewController.swift in Sources */,
				C9583BFB1E4B52D70098BB27 /* ContactsViewController.swift in Sources */,
				1F287A4B1D65845C0062F45F /* LocationWhenInUseViewController.swift in Sources */,
				9674481F1E5591F5000B42BB /* CameraViewController.swift in Sources */,
				96B9B69E1E96147C00ADBC92 /* CollectionViewController.swift in Sources */,
				C850B01B1E5EDEA400392526 /* ContactTableViewCell.swift in Sources */,
				96470BD31E5585E200D40CB9 /* SpeechRecognitionViewController.swift in Sources */,
				966A7A121E5488300026AE29 /* HealthKitViewController.swift in Sources */,
				96470BD51E55873F00D40CB9 /* SiriViewController.swift in Sources */,
				E4C7AF3F1E5DD63000B79BB0 /* ContactsDataStore.swift in Sources */,
				E488262B1E72BC1200AB1E98 /* ReminderTableViewCell.swift in Sources */,
				E48826231E729E4200AB1E98 /* Date+Helpers.swift in Sources */,
				E48826261E729F2100AB1E98 /* RemindersDataStore.swift in Sources */,
				96B9B6A11E961D9200ADBC92 /* LongTableViewController.swift in Sources */,
				967448231E5593AE000B42BB /* BluetoothViewController.swift in Sources */,
				96BB6F4E1E544BE900A74DA1 /* PermissionTableViewCell.swift in Sources */,
				969087C71E9505D7007974FB /* ScrollingHorizontallyViewController.swift in Sources */,
				E457E9001E5C96A4006B08B5 /* LaunchEnvironmentsTableViewController.swift in Sources */,
				962FAAC41D9144F6000592EF /* ScrollingViewController.swift in Sources */,
				965D56AD1E35F4C20056EE05 /* MainViewController.swift in Sources */,
				96BB6F4C1E5448CE00A74DA1 /* PermissionsViewController.swift in Sources */,
				967448251E5595EE000B42BB /* MicrophoneViewController.swift in Sources */,
				E4A905911E6030B5002081EA /* LaunchOptionsHandler.swift in Sources */,
				1F39828C1D65C2D900AC089C /* MiddleButtonViewController.swift in Sources */,
				967448291E559A8B000B42BB /* CalendarViewController.swift in Sources */,
				96BB6F501E54658C00A74DA1 /* HomeKitViewController.swift in Sources */,
				C8E84E571E5EC55D00DAA411 /* UIKit+Extensions.swift in Sources */,
				E4BA7C7E1E5B2EF600593B52 /* EventsDataStore.swift in Sources */,
				E48826281E72AB1800AB1E98 /* ReminderViewModel.swift in Sources */,
				C8E84E541E5EC4C100DAA411 /* TableViewDataProtocols.swift in Sources */,
				E488262E1E72BCA900AB1E98 /* EventViewModel.swift in Sources */,
				964F74CA1E54DE90004B9400 /* LocationAlwaysViewController.swift in Sources */,
				9663E0C81E9BBA6300331C4A /* RotationViewController.swift in Sources */,
				967448271E55973D000B42BB /* CallsViewController.swift in Sources */,
				E4BA7C7A1E5B1F0300593B52 /* LaunchEnvironmentsDataViewController.swift in Sources */,
				9674481C1E55917B000B42BB /* PhotoViewController.swift in Sources */,
				E4BA7C7C1E5B245900593B52 /* LaunchEnvironmentTableDataSource.swift in Sources */,
				1F9891A21D409547007CD2B0 /* AppDelegate.swift in Sources */,
				967448211E5592BA000B42BB /* MediaLibraryViewController.swift in Sources */,
				9674482B1E559CF9000B42BB /* MotionViewController.swift in Sources */,
				961CB2041E558F7000148CAE /* RemindersViewController.swift in Sources */,
				E4BA7C811E5C578D00593B52 /* EventTableViewCell.swift in Sources */,
			);
			runOnlyForDeploymentPostprocessing = 0;
		};
		1F9891AE1D409547007CD2B0 /* Sources */ = {
			isa = PBXSourcesBuildPhase;
			buildActionMask = 2147483647;
			files = (
				969CC2891E421FE500995A49 /* AppearingPage.swift in Sources */,
				96AB1AFB1E78265D003A1CB8 /* ForMovieTests.swift in Sources */,
				9641182B1E41EF7A0011C776 /* MainPage.swift in Sources */,
				9621BBD21E420E25001A9C2C /* ScrollPage.swift in Sources */,
				96AB73F21E44C35300FA811A /* TestLauncher.swift in Sources */,
				969CC2821E4216AE00995A49 /* TextInputPage.swift in Sources */,
				9670CC1C1E77D8DD00A1134E /* ContactsListPage.swift in Sources */,
				E45BBB101E6E9951001BA04B /* AutoMateLaunchEnvironmentsPage.swift in Sources */,
				E40AEDE31E76D52D00991238 /* EventsListPage.swift in Sources */,
				96A22A2A1E72D50B0039E17E /* ContactsSavedDataTests.swift in Sources */,
				969CC2851E421AE700995A49 /* MiddleButtonPage.swift in Sources */,
				969CC28B1E42204500995A49 /* AdditionalExtensionsTests.swift in Sources */,
				E45BBB131E6E997B001BA04B /* EventKitData.swift in Sources */,
				9641182D1E41F8E90011C776 /* XCUIElementQueryTests.swift in Sources */,
				969087CA1E950A72007974FB /* ScrollVerticallyPage.swift in Sources */,
				96B131DC1E54C161007E3A04 /* PermissionsPage.swift in Sources */,
				9670CC1F1E77D90C00A1134E /* ContactsData.swift in Sources */,
				96B131DE1E54CA7F007E3A04 /* PermissionsTests.swift in Sources */,
				9674482D1E55A61D000B42BB /* PermissionsSubPages.swift in Sources */,
				9663E0CB1E9CAC7400331C4A /* RotatePage.swift in Sources */,
				E43E3D931E76F2A40055E635 /* RemindersListPage.swift in Sources */,
				9621BBCE1E42090C001A9C2C /* PushedPage.swift in Sources */,
				9621BBD01E420D98001A9C2C /* XCUIElementExtensionTests.swift in Sources */,
				E45BBB0E1E6E9920001BA04B /* EventKitSavedDataTests.swift in Sources */,
				9621BBCB1E4206C6001A9C2C /* TablePage.swift in Sources */,
				1F98923D1D40A80D007CD2B0 /* LaunchArgumentsWithoutAutoMateTests.swift in Sources */,
				1F9891B71D409547007CD2B0 /* LaunchArgumentsWithAutoMateTests.swift in Sources */,
				96B9B6A31E96234600ADBC92 /* CollectionPage.swift in Sources */,
			);
			runOnlyForDeploymentPostprocessing = 0;
		};
		E45BBB141E6EA16C001BA04B /* Sources */ = {
			isa = PBXSourcesBuildPhase;
			buildActionMask = 2147483647;
			files = (
			);
			runOnlyForDeploymentPostprocessing = 0;
		};
/* End PBXSourcesBuildPhase section */

/* Begin PBXTargetDependency section */
		1F9891B41D409547007CD2B0 /* PBXTargetDependency */ = {
			isa = PBXTargetDependency;
			target = 1F98919D1D409547007CD2B0 /* AutoMateExample */;
			targetProxy = 1F9891B31D409547007CD2B0 /* PBXContainerItemProxy */;
		};
		E450D62E1E6EA570001E2089 /* PBXTargetDependency */ = {
			isa = PBXTargetDependency;
			target = E45BBB171E6EA16C001BA04B /* TestResourceBundle */;
			targetProxy = E450D62D1E6EA570001E2089 /* PBXContainerItemProxy */;
		};
		E4977AB11E6EB8F500ABFBE7 /* PBXTargetDependency */ = {
			isa = PBXTargetDependency;
			name = AutoMate;
			targetProxy = E4977AB01E6EB8F500ABFBE7 /* PBXContainerItemProxy */;
		};
/* End PBXTargetDependency section */

/* Begin PBXVariantGroup section */
		1FFFC1D51D477CFD00EBB70D /* Localizable.strings */ = {
			isa = PBXVariantGroup;
			children = (
				1FFFC1D41D477CFD00EBB70D /* en */,
				1FFFC1D61D477CFF00EBB70D /* pl */,
			);
			name = Localizable.strings;
			sourceTree = "<group>";
		};
/* End PBXVariantGroup section */

/* Begin XCBuildConfiguration section */
		1F9891B91D409547007CD2B0 /* Debug */ = {
			isa = XCBuildConfiguration;
			buildSettings = {
				ALWAYS_SEARCH_USER_PATHS = NO;
				CLANG_ANALYZER_LOCALIZABILITY_NONLOCALIZED = YES;
				CLANG_ANALYZER_NONNULL = YES;
				CLANG_CXX_LANGUAGE_STANDARD = "gnu++0x";
				CLANG_CXX_LIBRARY = "libc++";
				CLANG_ENABLE_MODULES = YES;
				CLANG_ENABLE_OBJC_ARC = YES;
				CLANG_WARN_BOOL_CONVERSION = YES;
				CLANG_WARN_CONSTANT_CONVERSION = YES;
				CLANG_WARN_DIRECT_OBJC_ISA_USAGE = YES_ERROR;
				CLANG_WARN_EMPTY_BODY = YES;
				CLANG_WARN_ENUM_CONVERSION = YES;
				CLANG_WARN_INFINITE_RECURSION = YES;
				CLANG_WARN_INT_CONVERSION = YES;
				CLANG_WARN_OBJC_ROOT_CLASS = YES_ERROR;
				CLANG_WARN_SUSPICIOUS_MOVE = YES;
				CLANG_WARN_UNREACHABLE_CODE = YES;
				CLANG_WARN__DUPLICATE_METHOD_MATCH = YES;
				CODE_SIGN_IDENTITY = "iPhone Developer";
				COPY_PHASE_STRIP = NO;
				DEBUG_INFORMATION_FORMAT = dwarf;
				ENABLE_STRICT_OBJC_MSGSEND = YES;
				ENABLE_TESTABILITY = YES;
				GCC_C_LANGUAGE_STANDARD = gnu99;
				GCC_DYNAMIC_NO_PIC = NO;
				GCC_NO_COMMON_BLOCKS = YES;
				GCC_OPTIMIZATION_LEVEL = 0;
				GCC_PREPROCESSOR_DEFINITIONS = (
					"DEBUG=1",
					"$(inherited)",
				);
				GCC_WARN_64_TO_32_BIT_CONVERSION = YES;
				GCC_WARN_ABOUT_RETURN_TYPE = YES_ERROR;
				GCC_WARN_UNDECLARED_SELECTOR = YES;
				GCC_WARN_UNINITIALIZED_AUTOS = YES_AGGRESSIVE;
				GCC_WARN_UNUSED_FUNCTION = YES;
				GCC_WARN_UNUSED_VARIABLE = YES;
				IPHONEOS_DEPLOYMENT_TARGET = 9.2;
				MTL_ENABLE_DEBUG_INFO = YES;
				ONLY_ACTIVE_ARCH = YES;
				SDKROOT = iphoneos;
				SWIFT_OPTIMIZATION_LEVEL = "-Onone";
			};
			name = Debug;
		};
		1F9891BA1D409547007CD2B0 /* Release */ = {
			isa = XCBuildConfiguration;
			buildSettings = {
				ALWAYS_SEARCH_USER_PATHS = NO;
				CLANG_ANALYZER_LOCALIZABILITY_NONLOCALIZED = YES;
				CLANG_ANALYZER_NONNULL = YES;
				CLANG_CXX_LANGUAGE_STANDARD = "gnu++0x";
				CLANG_CXX_LIBRARY = "libc++";
				CLANG_ENABLE_MODULES = YES;
				CLANG_ENABLE_OBJC_ARC = YES;
				CLANG_WARN_BOOL_CONVERSION = YES;
				CLANG_WARN_CONSTANT_CONVERSION = YES;
				CLANG_WARN_DIRECT_OBJC_ISA_USAGE = YES_ERROR;
				CLANG_WARN_EMPTY_BODY = YES;
				CLANG_WARN_ENUM_CONVERSION = YES;
				CLANG_WARN_INFINITE_RECURSION = YES;
				CLANG_WARN_INT_CONVERSION = YES;
				CLANG_WARN_OBJC_ROOT_CLASS = YES_ERROR;
				CLANG_WARN_SUSPICIOUS_MOVE = YES;
				CLANG_WARN_UNREACHABLE_CODE = YES;
				CLANG_WARN__DUPLICATE_METHOD_MATCH = YES;
				CODE_SIGN_IDENTITY = "iPhone Developer";
				COPY_PHASE_STRIP = NO;
				DEBUG_INFORMATION_FORMAT = "dwarf-with-dsym";
				ENABLE_NS_ASSERTIONS = NO;
				ENABLE_STRICT_OBJC_MSGSEND = YES;
				GCC_C_LANGUAGE_STANDARD = gnu99;
				GCC_NO_COMMON_BLOCKS = YES;
				GCC_WARN_64_TO_32_BIT_CONVERSION = YES;
				GCC_WARN_ABOUT_RETURN_TYPE = YES_ERROR;
				GCC_WARN_UNDECLARED_SELECTOR = YES;
				GCC_WARN_UNINITIALIZED_AUTOS = YES_AGGRESSIVE;
				GCC_WARN_UNUSED_FUNCTION = YES;
				GCC_WARN_UNUSED_VARIABLE = YES;
				IPHONEOS_DEPLOYMENT_TARGET = 9.2;
				MTL_ENABLE_DEBUG_INFO = NO;
				SDKROOT = iphoneos;
				SWIFT_OPTIMIZATION_LEVEL = "-Owholemodule";
				VALIDATE_PRODUCT = YES;
			};
			name = Release;
		};
		1F9891BC1D409547007CD2B0 /* Debug */ = {
			isa = XCBuildConfiguration;
			baseConfigurationReference = 9F5E8BAFBD0028B77938ED82 /* Pods-AutoMateExample.debug.xcconfig */;
			buildSettings = {
				ASSETCATALOG_COMPILER_APPICON_NAME = AppIcon;
				CODE_SIGN_ENTITLEMENTS = AutoMateExample/AutoMateExample.entitlements;
				INFOPLIST_FILE = AutoMateExample/Info.plist;
				LD_RUNPATH_SEARCH_PATHS = "$(inherited) @executable_path/Frameworks";
				PRODUCT_BUNDLE_IDENTIFIER = "com.pgs-soft.AutoMateExample";
				PRODUCT_NAME = "$(TARGET_NAME)";
				SWIFT_VERSION = 3.0;
			};
			name = Debug;
		};
		1F9891BD1D409547007CD2B0 /* Release */ = {
			isa = XCBuildConfiguration;
			baseConfigurationReference = 8319988BC37CCFFEFEE49667 /* Pods-AutoMateExample.release.xcconfig */;
			buildSettings = {
				ASSETCATALOG_COMPILER_APPICON_NAME = AppIcon;
				CODE_SIGN_ENTITLEMENTS = AutoMateExample/AutoMateExample.entitlements;
				INFOPLIST_FILE = AutoMateExample/Info.plist;
				LD_RUNPATH_SEARCH_PATHS = "$(inherited) @executable_path/Frameworks";
				PRODUCT_BUNDLE_IDENTIFIER = "com.pgs-soft.AutoMateExample";
				PRODUCT_NAME = "$(TARGET_NAME)";
				SWIFT_VERSION = 3.0;
			};
			name = Release;
		};
		1F9891BF1D409547007CD2B0 /* Debug */ = {
			isa = XCBuildConfiguration;
			buildSettings = {
				INFOPLIST_FILE = AutoMateExampleUITests/Info.plist;
				LD_RUNPATH_SEARCH_PATHS = "$(inherited) @executable_path/Frameworks @loader_path/Frameworks";
				PRODUCT_BUNDLE_IDENTIFIER = test.AutoMateExampleUITests;
				PRODUCT_NAME = "$(TARGET_NAME)";
				SWIFT_VERSION = 3.0;
				TEST_TARGET_NAME = AutoMateExample;
			};
			name = Debug;
		};
		1F9891C01D409547007CD2B0 /* Release */ = {
			isa = XCBuildConfiguration;
			buildSettings = {
				INFOPLIST_FILE = AutoMateExampleUITests/Info.plist;
				LD_RUNPATH_SEARCH_PATHS = "$(inherited) @executable_path/Frameworks @loader_path/Frameworks";
				PRODUCT_BUNDLE_IDENTIFIER = test.AutoMateExampleUITests;
				PRODUCT_NAME = "$(TARGET_NAME)";
				SWIFT_VERSION = 3.0;
				TEST_TARGET_NAME = AutoMateExample;
			};
			name = Release;
		};
		E45BBB1C1E6EA16C001BA04B /* Debug */ = {
			isa = XCBuildConfiguration;
			buildSettings = {
				CLANG_WARN_DOCUMENTATION_COMMENTS = YES;
				CODE_SIGN_IDENTITY = "-";
				COMBINE_HIDPI_IMAGES = YES;
				INFOPLIST_FILE = TestResourceBundle/Info.plist;
				INSTALL_PATH = "$(LOCAL_LIBRARY_DIR)/Bundles";
				PRODUCT_BUNDLE_IDENTIFIER = "com.pgs-soft.TestResourceBundle";
				PRODUCT_NAME = "$(TARGET_NAME)";
				SKIP_INSTALL = YES;
				WRAPPER_EXTENSION = bundle;
			};
			name = Debug;
		};
		E45BBB1D1E6EA16C001BA04B /* Release */ = {
			isa = XCBuildConfiguration;
			buildSettings = {
				CLANG_WARN_DOCUMENTATION_COMMENTS = YES;
				CODE_SIGN_IDENTITY = "-";
				COMBINE_HIDPI_IMAGES = YES;
				INFOPLIST_FILE = TestResourceBundle/Info.plist;
				INSTALL_PATH = "$(LOCAL_LIBRARY_DIR)/Bundles";
				PRODUCT_BUNDLE_IDENTIFIER = "com.pgs-soft.TestResourceBundle";
				PRODUCT_NAME = "$(TARGET_NAME)";
				SKIP_INSTALL = YES;
				WRAPPER_EXTENSION = bundle;
			};
			name = Release;
		};
/* End XCBuildConfiguration section */

/* Begin XCConfigurationList section */
		1F9891991D409547007CD2B0 /* Build configuration list for PBXProject "AutoMateExample" */ = {
			isa = XCConfigurationList;
			buildConfigurations = (
				1F9891B91D409547007CD2B0 /* Debug */,
				1F9891BA1D409547007CD2B0 /* Release */,
			);
			defaultConfigurationIsVisible = 0;
			defaultConfigurationName = Release;
		};
		1F9891BB1D409547007CD2B0 /* Build configuration list for PBXNativeTarget "AutoMateExample" */ = {
			isa = XCConfigurationList;
			buildConfigurations = (
				1F9891BC1D409547007CD2B0 /* Debug */,
				1F9891BD1D409547007CD2B0 /* Release */,
			);
			defaultConfigurationIsVisible = 0;
			defaultConfigurationName = Release;
		};
		1F9891BE1D409547007CD2B0 /* Build configuration list for PBXNativeTarget "AutoMateExampleUITests" */ = {
			isa = XCConfigurationList;
			buildConfigurations = (
				1F9891BF1D409547007CD2B0 /* Debug */,
				1F9891C01D409547007CD2B0 /* Release */,
			);
			defaultConfigurationIsVisible = 0;
			defaultConfigurationName = Release;
		};
		E45BBB1B1E6EA16C001BA04B /* Build configuration list for PBXNativeTarget "TestResourceBundle" */ = {
			isa = XCConfigurationList;
			buildConfigurations = (
				E45BBB1C1E6EA16C001BA04B /* Debug */,
				E45BBB1D1E6EA16C001BA04B /* Release */,
			);
			defaultConfigurationIsVisible = 0;
			defaultConfigurationName = Release;
		};
/* End XCConfigurationList section */
	};
	rootObject = 1F9891961D409547007CD2B0 /* Project object */;
}
