<?xml version="1.0" encoding="UTF-8"?>
<Scheme
   LastUpgradeVersion = "0820"
   version = "1.3">
   <BuildAction
      parallelizeBuildables = "YES"
      buildImplicitDependencies = "YES">
      <BuildActionEntries>
         <BuildActionEntry
            buildForTesting = "YES"
            buildForRunning = "YES"
            buildForProfiling = "YES"
            buildForArchiving = "YES"
            buildForAnalyzing = "YES">
            <BuildableReference
               BuildableIdentifier = "primary"
               BlueprintIdentifier = "1F98919D1D409547007CD2B0"
               BuildableName = "AutoMateExample.app"
               BlueprintName = "AutoMateExample"
               ReferencedContainer = "container:AutoMateExample.xcodeproj">
            </BuildableReference>
         </BuildActionEntry>
      </BuildActionEntries>
   </BuildAction>
   <TestAction
      buildConfiguration = "Debug"
      selectedDebuggerIdentifier = "Xcode.DebuggerFoundation.Debugger.LLDB"
      selectedLauncherIdentifier = "Xcode.DebuggerFoundation.Launcher.LLDB"
      shouldUseLaunchSchemeArgsEnv = "YES">
      <Testables>
         <TestableReference
            skipped = "NO">
            <BuildableReference
               BuildableIdentifier = "primary"
               BlueprintIdentifier = "E4EE41C01CFD7246004F0FFE"
               BuildableName = "AutoMateTests.xctest"
               BlueprintName = "AutoMateTests"
               ReferencedContainer = "container:../AutoMate.xcodeproj">
            </BuildableReference>
         </TestableReference>
         <TestableReference
            skipped = "NO">
            <BuildableReference
               BuildableIdentifier = "primary"
               BlueprintIdentifier = "1F9891B11D409547007CD2B0"
               BuildableName = "AutoMateExampleUITests.xctest"
               BlueprintName = "AutoMateExampleUITests"
               ReferencedContainer = "container:AutoMateExample.xcodeproj">
            </BuildableReference>
            <SkippedTests>
               <Test
                  Identifier = "PermissionsTests/testBluetoothPeripheralAlert()">
               </Test>
               <Test
                  Identifier = "PermissionsTests/testCalendarAlert()">
               </Test>
               <Test
                  Identifier = "PermissionsTests/testCallsAlert()">
               </Test>
               <Test
                  Identifier = "PermissionsTests/testContactsSystemAlert()">
               </Test>
               <Test
                  Identifier = "PermissionsTests/testMicrophoneAlert()">
               </Test>
               <Test
                  Identifier = "PermissionsTests/testRemindersAlert()">
               </Test>
               <Test
                  Identifier = "PermissionsTests/testSiriAlert()">
               </Test>
            </SkippedTests>
         </TestableReference>
      </Testables>
      <MacroExpansion>
         <BuildableReference
            BuildableIdentifier = "primary"
            BlueprintIdentifier = "1F98919D1D409547007CD2B0"
            BuildableName = "AutoMateExample.app"
            BlueprintName = "AutoMateExample"
            ReferencedContainer = "container:AutoMateExample.xcodeproj">
         </BuildableReference>
      </MacroExpansion>
      <AdditionalOptions>
      </AdditionalOptions>
   </TestAction>
   <LaunchAction
      buildConfiguration = "Debug"
      selectedDebuggerIdentifier = "Xcode.DebuggerFoundation.Debugger.LLDB"
      selectedLauncherIdentifier = "Xcode.DebuggerFoundation.Launcher.LLDB"
      launchStyle = "0"
      useCustomWorkingDirectory = "NO"
      ignoresPersistentStateOnLaunch = "NO"
      debugDocumentVersioning = "YES"
      debugServiceExtension = "internal"
      allowLocationSimulation = "YES">
      <BuildableProductRunnable
         runnableDebuggingMode = "0">
         <BuildableReference
            BuildableIdentifier = "primary"
            BlueprintIdentifier = "1F98919D1D409547007CD2B0"
            BuildableName = "AutoMateExample.app"
            BlueprintName = "AutoMateExample"
            ReferencedContainer = "container:AutoMateExample.xcodeproj">
         </BuildableReference>
      </BuildableProductRunnable>
      <AdditionalOptions>
      </AdditionalOptions>
   </LaunchAction>
   <ProfileAction
      buildConfiguration = "Release"
      shouldUseLaunchSchemeArgsEnv = "YES"
      savedToolIdentifier = ""
      useCustomWorkingDirectory = "NO"
      debugDocumentVersioning = "YES">
      <BuildableProductRunnable
         runnableDebuggingMode = "0">
         <BuildableReference
            BuildableIdentifier = "primary"
            BlueprintIdentifier = "1F98919D1D409547007CD2B0"
            BuildableName = "AutoMateExample.app"
            BlueprintName = "AutoMateExample"
            ReferencedContainer = "container:AutoMateExample.xcodeproj">
         </BuildableReference>
      </BuildableProductRunnable>
   </ProfileAction>
   <AnalyzeAction
      buildConfiguration = "Debug">
   </AnalyzeAction>
   <ArchiveAction
      buildConfiguration = "Release"
      revealArchiveInOrganizer = "YES">
   </ArchiveAction>
</Scheme>
